// !$*UTF8*$!
{
	archiveVersion = 1;
	classes = {
	};
	objectVersion = 50;
	objects = {

/* Begin PBXBuildFile section */
		BB32154C22036E2600A09EC5 /* MyCustomCollectionViewCell.swift in Sources */ = {isa = PBXBuildFile; fileRef = BB32154B22036E2600A09EC5 /* MyCustomCollectionViewCell.swift */; };
		BB36EA53220BBA5900219C80 /* VDChartAxisValueFormatter.swift in Sources */ = {isa = PBXBuildFile; fileRef = BB36EA52220BBA5900219C80 /* VDChartAxisValueFormatter.swift */; };
		BB481BF02221A5CC00CAD520 /* ExEntryForJSON.swift in Sources */ = {isa = PBXBuildFile; fileRef = BB481BEF2221A5CC00CAD520 /* ExEntryForJSON.swift */; };
		BB481BF22221C2BF00CAD520 /* SettingVC.swift in Sources */ = {isa = PBXBuildFile; fileRef = BB481BF12221C2BF00CAD520 /* SettingVC.swift */; };
		BB63C9DA220F4A82009B1CCC /* customPickerVC.swift in Sources */ = {isa = PBXBuildFile; fileRef = BB63C9D9220F4A82009B1CCC /* customPickerVC.swift */; };
		BB877E6D21F7A2EC00BFE382 /* AppDelegate.swift in Sources */ = {isa = PBXBuildFile; fileRef = BB877E6C21F7A2EC00BFE382 /* AppDelegate.swift */; };
		BB877E7221F7A2EC00BFE382 /* Main.storyboard in Resources */ = {isa = PBXBuildFile; fileRef = BB877E7021F7A2EC00BFE382 /* Main.storyboard */; };
		BB877E7521F7A2EC00BFE382 /* Expenditure.xcdatamodeld in Sources */ = {isa = PBXBuildFile; fileRef = BB877E7321F7A2EC00BFE382 /* Expenditure.xcdatamodeld */; };
		BB877E7721F7A2EE00BFE382 /* Assets.xcassets in Resources */ = {isa = PBXBuildFile; fileRef = BB877E7621F7A2EE00BFE382 /* Assets.xcassets */; };
		BB877E7A21F7A2EE00BFE382 /* LaunchScreen.storyboard in Resources */ = {isa = PBXBuildFile; fileRef = BB877E7821F7A2EE00BFE382 /* LaunchScreen.storyboard */; };
		BB877E8221F7D03100BFE382 /* FooTableVC.swift in Sources */ = {isa = PBXBuildFile; fileRef = BB877E8121F7D03100BFE382 /* FooTableVC.swift */; };
		BB877E8421F7D0BF00BFE382 /* mainPageVC.swift in Sources */ = {isa = PBXBuildFile; fileRef = BB877E8321F7D0BF00BFE382 /* mainPageVC.swift */; };
		BB877E8621F7D53700BFE382 /* MainPageTableViewCell.swift in Sources */ = {isa = PBXBuildFile; fileRef = BB877E8521F7D53700BFE382 /* MainPageTableViewCell.swift */; };
		BB877E8A21F7D7A000BFE382 /* ExEntry.swift in Sources */ = {isa = PBXBuildFile; fileRef = BB877E8921F7D7A000BFE382 /* ExEntry.swift */; };
		BB877E8C21F7DF4F00BFE382 /* AddingVC.swift in Sources */ = {isa = PBXBuildFile; fileRef = BB877E8B21F7DF4F00BFE382 /* AddingVC.swift */; };
		BB877E8E21FA860900BFE382 /* DatePickerVC.swift in Sources */ = {isa = PBXBuildFile; fileRef = BB877E8D21FA860900BFE382 /* DatePickerVC.swift */; };
		BBA82D7B220794EE001C86A6 /* Charts.framework in Frameworks */ = {isa = PBXBuildFile; fileRef = BBA82D782207947E001C86A6 /* Charts.framework */; };
		BBA82D7C220794EE001C86A6 /* Charts.framework in Embed Frameworks */ = {isa = PBXBuildFile; fileRef = BBA82D782207947E001C86A6 /* Charts.framework */; settings = {ATTRIBUTES = (CodeSignOnCopy, RemoveHeadersOnCopy, ); }; };
		BBA82D8122079A11001C86A6 /* StatisticsVC.swift in Sources */ = {isa = PBXBuildFile; fileRef = BBA82D8022079A11001C86A6 /* StatisticsVC.swift */; };
		BBA82D83220B9C0C001C86A6 /* BalloonMarker.swift in Sources */ = {isa = PBXBuildFile; fileRef = BBA82D82220B9C0C001C86A6 /* BalloonMarker.swift */; };
		BBD51FA321FE8B960093C945 /* FetchedResultsTableViewController.swift in Sources */ = {isa = PBXBuildFile; fileRef = BBD51FA221FE8B960093C945 /* FetchedResultsTableViewController.swift */; };
		BBD51FA521FE8BAA0093C945 /* UITableViewDataSource+NSFetchedResultsController.swift in Sources */ = {isa = PBXBuildFile; fileRef = BBD51FA421FE8BAA0093C945 /* UITableViewDataSource+NSFetchedResultsController.swift */; };
/* End PBXBuildFile section */

/* Begin PBXContainerItemProxy section */
		BBA82D772207947E001C86A6 /* PBXContainerItemProxy */ = {
			isa = PBXContainerItemProxy;
			containerPortal = BBA82D722207947E001C86A6 /* Charts.xcodeproj */;
			proxyType = 2;
			remoteGlobalIDString = 65AD9E95D9ED4DC0BD73A743;
			remoteInfo = Charts;
		};
		BBA82D792207947E001C86A6 /* PBXContainerItemProxy */ = {
			isa = PBXContainerItemProxy;
			containerPortal = BBA82D722207947E001C86A6 /* Charts.xcodeproj */;
			proxyType = 2;
			remoteGlobalIDString = 1CBBC58C6CE1EBEE9852CE41;
			remoteInfo = ChartsTests;
		};
		BBA82D7D220794EE001C86A6 /* PBXContainerItemProxy */ = {
			isa = PBXContainerItemProxy;
			containerPortal = BBA82D722207947E001C86A6 /* Charts.xcodeproj */;
			proxyType = 1;
			remoteGlobalIDString = A58A4ED274A941CA248EA921;
			remoteInfo = Charts;
		};
/* End PBXContainerItemProxy section */

/* Begin PBXCopyFilesBuildPhase section */
		BBA82D7F220794EE001C86A6 /* Embed Frameworks */ = {
			isa = PBXCopyFilesBuildPhase;
			buildActionMask = 2147483647;
			dstPath = "";
			dstSubfolderSpec = 10;
			files = (
				BBA82D7C220794EE001C86A6 /* Charts.framework in Embed Frameworks */,
			);
			name = "Embed Frameworks";
			runOnlyForDeploymentPostprocessing = 0;
		};
/* End PBXCopyFilesBuildPhase section */

/* Begin PBXFileReference section */
		BB32154B22036E2600A09EC5 /* MyCustomCollectionViewCell.swift */ = {isa = PBXFileReference; lastKnownFileType = sourcecode.swift; path = MyCustomCollectionViewCell.swift; sourceTree = "<group>"; };
		BB36EA52220BBA5900219C80 /* VDChartAxisValueFormatter.swift */ = {isa = PBXFileReference; lastKnownFileType = sourcecode.swift; path = VDChartAxisValueFormatter.swift; sourceTree = "<group>"; };
		BB481BEF2221A5CC00CAD520 /* ExEntryForJSON.swift */ = {isa = PBXFileReference; lastKnownFileType = sourcecode.swift; path = ExEntryForJSON.swift; sourceTree = "<group>"; };
		BB481BF12221C2BF00CAD520 /* SettingVC.swift */ = {isa = PBXFileReference; lastKnownFileType = sourcecode.swift; path = SettingVC.swift; sourceTree = "<group>"; };
		BB63C9D9220F4A82009B1CCC /* customPickerVC.swift */ = {isa = PBXFileReference; lastKnownFileType = sourcecode.swift; path = customPickerVC.swift; sourceTree = "<group>"; };
		BB877E6921F7A2EC00BFE382 /* Expenditure.app */ = {isa = PBXFileReference; explicitFileType = wrapper.application; includeInIndex = 0; path = Expenditure.app; sourceTree = BUILT_PRODUCTS_DIR; };
		BB877E6C21F7A2EC00BFE382 /* AppDelegate.swift */ = {isa = PBXFileReference; lastKnownFileType = sourcecode.swift; path = AppDelegate.swift; sourceTree = "<group>"; };
		BB877E7121F7A2EC00BFE382 /* Base */ = {isa = PBXFileReference; lastKnownFileType = file.storyboard; name = Base; path = Base.lproj/Main.storyboard; sourceTree = "<group>"; };
		BB877E7421F7A2EC00BFE382 /* Expenditure.xcdatamodel */ = {isa = PBXFileReference; lastKnownFileType = wrapper.xcdatamodel; path = Expenditure.xcdatamodel; sourceTree = "<group>"; };
		BB877E7621F7A2EE00BFE382 /* Assets.xcassets */ = {isa = PBXFileReference; lastKnownFileType = folder.assetcatalog; path = Assets.xcassets; sourceTree = "<group>"; };
		BB877E7921F7A2EE00BFE382 /* Base */ = {isa = PBXFileReference; lastKnownFileType = file.storyboard; name = Base; path = Base.lproj/LaunchScreen.storyboard; sourceTree = "<group>"; };
		BB877E7B21F7A2EE00BFE382 /* Info.plist */ = {isa = PBXFileReference; lastKnownFileType = text.plist.xml; path = Info.plist; sourceTree = "<group>"; };
		BB877E8121F7D03100BFE382 /* FooTableVC.swift */ = {isa = PBXFileReference; lastKnownFileType = sourcecode.swift; path = FooTableVC.swift; sourceTree = "<group>"; };
		BB877E8321F7D0BF00BFE382 /* mainPageVC.swift */ = {isa = PBXFileReference; lastKnownFileType = sourcecode.swift; path = mainPageVC.swift; sourceTree = "<group>"; };
		BB877E8521F7D53700BFE382 /* MainPageTableViewCell.swift */ = {isa = PBXFileReference; lastKnownFileType = sourcecode.swift; path = MainPageTableViewCell.swift; sourceTree = "<group>"; };
		BB877E8921F7D7A000BFE382 /* ExEntry.swift */ = {isa = PBXFileReference; lastKnownFileType = sourcecode.swift; path = ExEntry.swift; sourceTree = "<group>"; };
		BB877E8B21F7DF4F00BFE382 /* AddingVC.swift */ = {isa = PBXFileReference; lastKnownFileType = sourcecode.swift; path = AddingVC.swift; sourceTree = "<group>"; };
		BB877E8D21FA860900BFE382 /* DatePickerVC.swift */ = {isa = PBXFileReference; lastKnownFileType = sourcecode.swift; path = DatePickerVC.swift; sourceTree = "<group>"; };
		BBA82D722207947E001C86A6 /* Charts.xcodeproj */ = {isa = PBXFileReference; lastKnownFileType = "wrapper.pb-project"; name = Charts.xcodeproj; path = "../../../../Downloads/Charts-master/Charts.xcodeproj"; sourceTree = "<group>"; };
		BBA82D8022079A11001C86A6 /* StatisticsVC.swift */ = {isa = PBXFileReference; lastKnownFileType = sourcecode.swift; path = StatisticsVC.swift; sourceTree = "<group>"; };
		BBA82D82220B9C0C001C86A6 /* BalloonMarker.swift */ = {isa = PBXFileReference; lastKnownFileType = sourcecode.swift; path = BalloonMarker.swift; sourceTree = "<group>"; };
		BBD51FA221FE8B960093C945 /* FetchedResultsTableViewController.swift */ = {isa = PBXFileReference; fileEncoding = 4; lastKnownFileType = sourcecode.swift; path = FetchedResultsTableViewController.swift; sourceTree = "<group>"; };
		BBD51FA421FE8BAA0093C945 /* UITableViewDataSource+NSFetchedResultsController.swift */ = {isa = PBXFileReference; fileEncoding = 4; lastKnownFileType = sourcecode.swift; path = "UITableViewDataSource+NSFetchedResultsController.swift"; sourceTree = "<group>"; };
/* End PBXFileReference section */

/* Begin PBXFrameworksBuildPhase section */
		BB877E6621F7A2EC00BFE382 /* Frameworks */ = {
			isa = PBXFrameworksBuildPhase;
			buildActionMask = 2147483647;
			files = (
				BBA82D7B220794EE001C86A6 /* Charts.framework in Frameworks */,
			);
			runOnlyForDeploymentPostprocessing = 0;
		};
/* End PBXFrameworksBuildPhase section */

/* Begin PBXGroup section */
		BB32154D2203796800A09EC5 /* Cells */ = {
			isa = PBXGroup;
			children = (
				BB877E8521F7D53700BFE382 /* MainPageTableViewCell.swift */,
				BB32154B22036E2600A09EC5 /* MyCustomCollectionViewCell.swift */,
			);
			path = Cells;
			sourceTree = "<group>";
		};
		BB877E6021F7A2EC00BFE382 = {
			isa = PBXGroup;
			children = (
				BB877E8121F7D03100BFE382 /* FooTableVC.swift */,
				BB877E6B21F7A2EC00BFE382 /* Expenditure */,
				BB877E6A21F7A2EC00BFE382 /* Products */,
			);
			sourceTree = "<group>";
		};
		BB877E6A21F7A2EC00BFE382 /* Products */ = {
			isa = PBXGroup;
			children = (
				BB877E6921F7A2EC00BFE382 /* Expenditure.app */,
			);
			name = Products;
			sourceTree = "<group>";
		};
		BB877E6B21F7A2EC00BFE382 /* Expenditure */ = {
			isa = PBXGroup;
			children = (
				BBA82D722207947E001C86A6 /* Charts.xcodeproj */,
				BB877E6C21F7A2EC00BFE382 /* AppDelegate.swift */,
				BB877E8921F7D7A000BFE382 /* ExEntry.swift */,
				BB481BEF2221A5CC00CAD520 /* ExEntryForJSON.swift */,
				BB877E7021F7A2EC00BFE382 /* Main.storyboard */,
				BB481BF12221C2BF00CAD520 /* SettingVC.swift */,
				BB63C9D9220F4A82009B1CCC /* customPickerVC.swift */,
				BBA82D8022079A11001C86A6 /* StatisticsVC.swift */,
				BB36EA52220BBA5900219C80 /* VDChartAxisValueFormatter.swift */,
				BBA82D82220B9C0C001C86A6 /* BalloonMarker.swift */,
				BB877E8D21FA860900BFE382 /* DatePickerVC.swift */,
				BB32154D2203796800A09EC5 /* Cells */,
				BB877E8B21F7DF4F00BFE382 /* AddingVC.swift */,
				BBD51FA621FE8BC70093C945 /* Core data thing */,
				BB877E7621F7A2EE00BFE382 /* Assets.xcassets */,
				BB877E7821F7A2EE00BFE382 /* LaunchScreen.storyboard */,
				BB877E7B21F7A2EE00BFE382 /* Info.plist */,
				BB877E8321F7D0BF00BFE382 /* mainPageVC.swift */,
			);
			path = Expenditure;
			sourceTree = "<group>";
		};
		BBA82D732207947E001C86A6 /* Products */ = {
			isa = PBXGroup;
			children = (
				BBA82D782207947E001C86A6 /* Charts.framework */,
				BBA82D7A2207947E001C86A6 /* ChartsTests.xctest */,
			);
			name = Products;
			sourceTree = "<group>";
		};
		BBD51FA621FE8BC70093C945 /* Core data thing */ = {
			isa = PBXGroup;
			children = (
				BB877E7321F7A2EC00BFE382 /* Expenditure.xcdatamodeld */,
				BBD51FA221FE8B960093C945 /* FetchedResultsTableViewController.swift */,
				BBD51FA421FE8BAA0093C945 /* UITableViewDataSource+NSFetchedResultsController.swift */,
			);
			path = "Core data thing";
			sourceTree = "<group>";
		};
/* End PBXGroup section */

/* Begin PBXNativeTarget section */
		BB877E6821F7A2EC00BFE382 /* Expenditure */ = {
			isa = PBXNativeTarget;
			buildConfigurationList = BB877E7E21F7A2EE00BFE382 /* Build configuration list for PBXNativeTarget "Expenditure" */;
			buildPhases = (
				BB877E6521F7A2EC00BFE382 /* Sources */,
				BB877E6621F7A2EC00BFE382 /* Frameworks */,
				BB877E6721F7A2EC00BFE382 /* Resources */,
				BBA82D7F220794EE001C86A6 /* Embed Frameworks */,
			);
			buildRules = (
			);
			dependencies = (
				BBA82D7E220794EE001C86A6 /* PBXTargetDependency */,
			);
			name = Expenditure;
			productName = Expenditure;
			productReference = BB877E6921F7A2EC00BFE382 /* Expenditure.app */;
			productType = "com.apple.product-type.application";
		};
/* End PBXNativeTarget section */

/* Begin PBXProject section */
		BB877E6121F7A2EC00BFE382 /* Project object */ = {
			isa = PBXProject;
			attributes = {
				LastSwiftUpdateCheck = 1010;
				LastUpgradeCheck = 1010;
				ORGANIZATIONNAME = DoDo;
				TargetAttributes = {
					BB877E6821F7A2EC00BFE382 = {
						CreatedOnToolsVersion = 10.1;
					};
				};
			};
			buildConfigurationList = BB877E6421F7A2EC00BFE382 /* Build configuration list for PBXProject "Expenditure" */;
			compatibilityVersion = "Xcode 9.3";
			developmentRegion = en;
			hasScannedForEncodings = 0;
			knownRegions = (
				en,
				Base,
			);
			mainGroup = BB877E6021F7A2EC00BFE382;
			productRefGroup = BB877E6A21F7A2EC00BFE382 /* Products */;
			projectDirPath = "";
			projectReferences = (
				{
					ProductGroup = BBA82D732207947E001C86A6 /* Products */;
					ProjectRef = BBA82D722207947E001C86A6 /* Charts.xcodeproj */;
				},
			);
			projectRoot = "";
			targets = (
				BB877E6821F7A2EC00BFE382 /* Expenditure */,
			);
		};
/* End PBXProject section */

/* Begin PBXReferenceProxy section */
		BBA82D782207947E001C86A6 /* Charts.framework */ = {
			isa = PBXReferenceProxy;
			fileType = wrapper.framework;
			path = Charts.framework;
			remoteRef = BBA82D772207947E001C86A6 /* PBXContainerItemProxy */;
			sourceTree = BUILT_PRODUCTS_DIR;
		};
		BBA82D7A2207947E001C86A6 /* ChartsTests.xctest */ = {
			isa = PBXReferenceProxy;
			fileType = wrapper.cfbundle;
			path = ChartsTests.xctest;
			remoteRef = BBA82D792207947E001C86A6 /* PBXContainerItemProxy */;
			sourceTree = BUILT_PRODUCTS_DIR;
		};
/* End PBXReferenceProxy section */

/* Begin PBXResourcesBuildPhase section */
		BB877E6721F7A2EC00BFE382 /* Resources */ = {
			isa = PBXResourcesBuildPhase;
			buildActionMask = 2147483647;
			files = (
				BB877E7A21F7A2EE00BFE382 /* LaunchScreen.storyboard in Resources */,
				BB877E7721F7A2EE00BFE382 /* Assets.xcassets in Resources */,
				BB877E7221F7A2EC00BFE382 /* Main.storyboard in Resources */,
			);
			runOnlyForDeploymentPostprocessing = 0;
		};
/* End PBXResourcesBuildPhase section */

/* Begin PBXSourcesBuildPhase section */
		BB877E6521F7A2EC00BFE382 /* Sources */ = {
			isa = PBXSourcesBuildPhase;
			buildActionMask = 2147483647;
			files = (
				BB877E8A21F7D7A000BFE382 /* ExEntry.swift in Sources */,
				BBD51FA321FE8B960093C945 /* FetchedResultsTableViewController.swift in Sources */,
				BBD51FA521FE8BAA0093C945 /* UITableViewDataSource+NSFetchedResultsController.swift in Sources */,
				BB63C9DA220F4A82009B1CCC /* customPickerVC.swift in Sources */,
				BB877E7521F7A2EC00BFE382 /* Expenditure.xcdatamodeld in Sources */,
				BBA82D83220B9C0C001C86A6 /* BalloonMarker.swift in Sources */,
				BB877E8E21FA860900BFE382 /* DatePickerVC.swift in Sources */,
				BBA82D8122079A11001C86A6 /* StatisticsVC.swift in Sources */,
				BB877E8221F7D03100BFE382 /* FooTableVC.swift in Sources */,
				BB877E8621F7D53700BFE382 /* MainPageTableViewCell.swift in Sources */,
				BB481BF22221C2BF00CAD520 /* SettingVC.swift in Sources */,
				BB877E8C21F7DF4F00BFE382 /* AddingVC.swift in Sources */,
				BB36EA53220BBA5900219C80 /* VDChartAxisValueFormatter.swift in Sources */,
				BB32154C22036E2600A09EC5 /* MyCustomCollectionViewCell.swift in Sources */,
				BB877E8421F7D0BF00BFE382 /* mainPageVC.swift in Sources */,
				BB877E6D21F7A2EC00BFE382 /* AppDelegate.swift in Sources */,
				BB481BF02221A5CC00CAD520 /* ExEntryForJSON.swift in Sources */,
			);
			runOnlyForDeploymentPostprocessing = 0;
		};
/* End PBXSourcesBuildPhase section */

/* Begin PBXTargetDependency section */
		BBA82D7E220794EE001C86A6 /* PBXTargetDependency */ = {
			isa = PBXTargetDependency;
			name = Charts;
			targetProxy = BBA82D7D220794EE001C86A6 /* PBXContainerItemProxy */;
		};
/* End PBXTargetDependency section */

/* Begin PBXVariantGroup section */
		BB877E7021F7A2EC00BFE382 /* Main.storyboard */ = {
			isa = PBXVariantGroup;
			children = (
				BB877E7121F7A2EC00BFE382 /* Base */,
			);
			name = Main.storyboard;
			sourceTree = "<group>";
		};
		BB877E7821F7A2EE00BFE382 /* LaunchScreen.storyboard */ = {
			isa = PBXVariantGroup;
			children = (
				BB877E7921F7A2EE00BFE382 /* Base */,
			);
			name = LaunchScreen.storyboard;
			sourceTree = "<group>";
		};
/* End PBXVariantGroup section */

/* Begin XCBuildConfiguration section */
		BB877E7C21F7A2EE00BFE382 /* Debug */ = {
			isa = XCBuildConfiguration;
			buildSettings = {
				ALWAYS_SEARCH_USER_PATHS = NO;
				CLANG_ANALYZER_NONNULL = YES;
				CLANG_ANALYZER_NUMBER_OBJECT_CONVERSION = YES_AGGRESSIVE;
				CLANG_CXX_LANGUAGE_STANDARD = "gnu++14";
				CLANG_CXX_LIBRARY = "libc++";
				CLANG_ENABLE_MODULES = YES;
				CLANG_ENABLE_OBJC_ARC = YES;
				CLANG_ENABLE_OBJC_WEAK = YES;
				CLANG_WARN_BLOCK_CAPTURE_AUTORELEASING = YES;
				CLANG_WARN_BOOL_CONVERSION = YES;
				CLANG_WARN_COMMA = YES;
				CLANG_WARN_CONSTANT_CONVERSION = YES;
				CLANG_WARN_DEPRECATED_OBJC_IMPLEMENTATIONS = YES;
				CLANG_WARN_DIRECT_OBJC_ISA_USAGE = YES_ERROR;
				CLANG_WARN_DOCUMENTATION_COMMENTS = YES;
				CLANG_WARN_EMPTY_BODY = YES;
				CLANG_WARN_ENUM_CONVERSION = YES;
				CLANG_WARN_INFINITE_RECURSION = YES;
				CLANG_WARN_INT_CONVERSION = YES;
				CLANG_WARN_NON_LITERAL_NULL_CONVERSION = YES;
				CLANG_WARN_OBJC_IMPLICIT_RETAIN_SELF = YES;
				CLANG_WARN_OBJC_LITERAL_CONVERSION = YES;
				CLANG_WARN_OBJC_ROOT_CLASS = YES_ERROR;
				CLANG_WARN_RANGE_LOOP_ANALYSIS = YES;
				CLANG_WARN_STRICT_PROTOTYPES = YES;
				CLANG_WARN_SUSPICIOUS_MOVE = YES;
				CLANG_WARN_UNGUARDED_AVAILABILITY = YES_AGGRESSIVE;
				CLANG_WARN_UNREACHABLE_CODE = YES;
				CLANG_WARN__DUPLICATE_METHOD_MATCH = YES;
				CODE_SIGN_IDENTITY = "iPhone Developer";
				COPY_PHASE_STRIP = NO;
				DEBUG_INFORMATION_FORMAT = dwarf;
				ENABLE_STRICT_OBJC_MSGSEND = YES;
				ENABLE_TESTABILITY = YES;
				GCC_C_LANGUAGE_STANDARD = gnu11;
				GCC_DYNAMIC_NO_PIC = NO;
				GCC_NO_COMMON_BLOCKS = YES;
				GCC_OPTIMIZATION_LEVEL = 0;
				GCC_PREPROCESSOR_DEFINITIONS = (
					"DEBUG=1",
					"$(inherited)",
				);
				GCC_WARN_64_TO_32_BIT_CONVERSION = YES;
				GCC_WARN_ABOUT_RETURN_TYPE = YES_ERROR;
				GCC_WARN_UNDECLARED_SELECTOR = YES;
				GCC_WARN_UNINITIALIZED_AUTOS = YES_AGGRESSIVE;
				GCC_WARN_UNUSED_FUNCTION = YES;
				GCC_WARN_UNUSED_VARIABLE = YES;
				IPHONEOS_DEPLOYMENT_TARGET = 12.1;
				MTL_ENABLE_DEBUG_INFO = INCLUDE_SOURCE;
				MTL_FAST_MATH = YES;
				ONLY_ACTIVE_ARCH = YES;
				SDKROOT = iphoneos;
				SWIFT_ACTIVE_COMPILATION_CONDITIONS = DEBUG;
				SWIFT_OPTIMIZATION_LEVEL = "-Onone";
			};
			name = Debug;
		};
		BB877E7D21F7A2EE00BFE382 /* Release */ = {
			isa = XCBuildConfiguration;
			buildSettings = {
				ALWAYS_SEARCH_USER_PATHS = NO;
				CLANG_ANALYZER_NONNULL = YES;
				CLANG_ANALYZER_NUMBER_OBJECT_CONVERSION = YES_AGGRESSIVE;
				CLANG_CXX_LANGUAGE_STANDARD = "gnu++14";
				CLANG_CXX_LIBRARY = "libc++";
				CLANG_ENABLE_MODULES = YES;
				CLANG_ENABLE_OBJC_ARC = YES;
				CLANG_ENABLE_OBJC_WEAK = YES;
				CLANG_WARN_BLOCK_CAPTURE_AUTORELEASING = YES;
				CLANG_WARN_BOOL_CONVERSION = YES;
				CLANG_WARN_COMMA = YES;
				CLANG_WARN_CONSTANT_CONVERSION = YES;
				CLANG_WARN_DEPRECATED_OBJC_IMPLEMENTATIONS = YES;
				CLANG_WARN_DIRECT_OBJC_ISA_USAGE = YES_ERROR;
				CLANG_WARN_DOCUMENTATION_COMMENTS = YES;
				CLANG_WARN_EMPTY_BODY = YES;
				CLANG_WARN_ENUM_CONVERSION = YES;
				CLANG_WARN_INFINITE_RECURSION = YES;
				CLANG_WARN_INT_CONVERSION = YES;
				CLANG_WARN_NON_LITERAL_NULL_CONVERSION = YES;
				CLANG_WARN_OBJC_IMPLICIT_RETAIN_SELF = YES;
				CLANG_WARN_OBJC_LITERAL_CONVERSION = YES;
				CLANG_WARN_OBJC_ROOT_CLASS = YES_ERROR;
				CLANG_WARN_RANGE_LOOP_ANALYSIS = YES;
				CLANG_WARN_STRICT_PROTOTYPES = YES;
				CLANG_WARN_SUSPICIOUS_MOVE = YES;
				CLANG_WARN_UNGUARDED_AVAILABILITY = YES_AGGRESSIVE;
				CLANG_WARN_UNREACHABLE_CODE = YES;
				CLANG_WARN__DUPLICATE_METHOD_MATCH = YES;
				CODE_SIGN_IDENTITY = "iPhone Developer";
				COPY_PHASE_STRIP = NO;
				DEBUG_INFORMATION_FORMAT = "dwarf-with-dsym";
				ENABLE_NS_ASSERTIONS = NO;
				ENABLE_STRICT_OBJC_MSGSEND = YES;
				GCC_C_LANGUAGE_STANDARD = gnu11;
				GCC_NO_COMMON_BLOCKS = YES;
				GCC_WARN_64_TO_32_BIT_CONVERSION = YES;
				GCC_WARN_ABOUT_RETURN_TYPE = YES_ERROR;
				GCC_WARN_UNDECLARED_SELECTOR = YES;
				GCC_WARN_UNINITIALIZED_AUTOS = YES_AGGRESSIVE;
				GCC_WARN_UNUSED_FUNCTION = YES;
				GCC_WARN_UNUSED_VARIABLE = YES;
				IPHONEOS_DEPLOYMENT_TARGET = 12.1;
				MTL_ENABLE_DEBUG_INFO = NO;
				MTL_FAST_MATH = YES;
				SDKROOT = iphoneos;
				SWIFT_COMPILATION_MODE = wholemodule;
				SWIFT_OPTIMIZATION_LEVEL = "-O";
				VALIDATE_PRODUCT = YES;
			};
			name = Release;
		};
		BB877E7F21F7A2EE00BFE382 /* Debug */ = {
			isa = XCBuildConfiguration;
			buildSettings = {
				ALWAYS_EMBED_SWIFT_STANDARD_LIBRARIES = YES;
				ASSETCATALOG_COMPILER_APPICON_NAME = AppIcon;
				CODE_SIGN_STYLE = Automatic;
				DEVELOPMENT_TEAM = AU35KS39TB;
				INFOPLIST_FILE = Expenditure/Info.plist;
				LD_RUNPATH_SEARCH_PATHS = (
					"$(inherited)",
					"@executable_path/Frameworks",
				);
				PRODUCT_BUNDLE_IDENTIFIER = com.DoDo.Expenditure;
				PRODUCT_NAME = "$(TARGET_NAME)";
				SWIFT_VERSION = 4.2;
				TARGETED_DEVICE_FAMILY = "1,2";
			};
			name = Debug;
		};
		BB877E8021F7A2EE00BFE382 /* Release */ = {
			isa = XCBuildConfiguration;
			buildSettings = {
				ALWAYS_EMBED_SWIFT_STANDARD_LIBRARIES = YES;
				ASSETCATALOG_COMPILER_APPICON_NAME = AppIcon;
				CODE_SIGN_STYLE = Automatic;
				DEVELOPMENT_TEAM = AU35KS39TB;
				INFOPLIST_FILE = Expenditure/Info.plist;
				LD_RUNPATH_SEARCH_PATHS = (
					"$(inherited)",
					"@executable_path/Frameworks",
				);
				PRODUCT_BUNDLE_IDENTIFIER = com.DoDo.Expenditure;
				PRODUCT_NAME = "$(TARGET_NAME)";
				SWIFT_VERSION = 4.2;
				TARGETED_DEVICE_FAMILY = "1,2";
			};
			name = Release;
		};
/* End XCBuildConfiguration section */

/* Begin XCConfigurationList section */
		BB877E6421F7A2EC00BFE382 /* Build configuration list for PBXProject "Expenditure" */ = {
			isa = XCConfigurationList;
			buildConfigurations = (
				BB877E7C21F7A2EE00BFE382 /* Debug */,
				BB877E7D21F7A2EE00BFE382 /* Release */,
			);
			defaultConfigurationIsVisible = 0;
			defaultConfigurationName = Release;
		};
		BB877E7E21F7A2EE00BFE382 /* Build configuration list for PBXNativeTarget "Expenditure" */ = {
			isa = XCConfigurationList;
			buildConfigurations = (
				BB877E7F21F7A2EE00BFE382 /* Debug */,
				BB877E8021F7A2EE00BFE382 /* Release */,
			);
			defaultConfigurationIsVisible = 0;
			defaultConfigurationName = Release;
		};
/* End XCConfigurationList section */

/* Begin XCVersionGroup section */
		BB877E7321F7A2EC00BFE382 /* Expenditure.xcdatamodeld */ = {
			isa = XCVersionGroup;
			children = (
				BB877E7421F7A2EC00BFE382 /* Expenditure.xcdatamodel */,
			);
			currentVersion = BB877E7421F7A2EC00BFE382 /* Expenditure.xcdatamodel */;
			path = Expenditure.xcdatamodeld;
			sourceTree = "<group>";
			versionGroupType = wrapper.xcdatamodel;
		};
/* End XCVersionGroup section */
	};
	rootObject = BB877E6121F7A2EC00BFE382 /* Project object */;
}
